
Microsoft Visual Studio Solution File, Format Version 12.00
# Visual Studio Version 16
VisualStudioVersion = 16.0.34031.81
MinimumVisualStudioVersion = 10.0.40219.1
Project("{888888A0-9F3D-457C-B088-3A5042F75D52}") = "Flow chart final", "Flow chart final\Flow chart final.pyproj", "{619B1187-C3EB-4531-B6B9-BC47FAC7B5A3}"
EndProject
Global
	GlobalSection(SolutionConfigurationPlatforms) = preSolution
		Debug|Any CPU = Debug|Any CPU
		Release|Any CPU = Release|Any CPU
	EndGlobalSection
	GlobalSection(ProjectConfigurationPlatforms) = postSolution
		{619B1187-C3EB-4531-B6B9-BC47FAC7B5A3}.Debug|Any CPU.ActiveCfg = Debug|Any CPU
		{619B1187-C3EB-4531-B6B9-BC47FAC7B5A3}.Release|Any CPU.ActiveCfg = Release|Any CPU
	EndGlobalSection
	GlobalSection(SolutionProperties) = preSolution
		HideSolutionNode = FALSE
	EndGlobalSection
	GlobalSection(ExtensibilityGlobals) = postSolution
		SolutionGuid = {806363A4-11F8-4DC2-AA33-101FA3825F09}
	EndGlobalSection
EndGlobal
